// !$*UTF8*$!
{
	archiveVersion = 1;
	classes = {
	};
	objectVersion = 50;
	objects = {

/* Begin PBXBuildFile section */
		D155238B25DF9612002F6E03 /* LoginFramework.framework in Frameworks */ = {isa = PBXBuildFile; fileRef = D155238125DF9612002F6E03 /* LoginFramework.framework */; };
		D155239025DF9612002F6E03 /* LoginFrameworkTests.swift in Sources */ = {isa = PBXBuildFile; fileRef = D155238F25DF9612002F6E03 /* LoginFrameworkTests.swift */; };
		D155239225DF9612002F6E03 /* LoginFramework.h in Headers */ = {isa = PBXBuildFile; fileRef = D155238425DF9612002F6E03 /* LoginFramework.h */; settings = {ATTRIBUTES = (Public, ); }; };
		D15523A025DF9668002F6E03 /* LoginVCViewController.swift in Sources */ = {isa = PBXBuildFile; fileRef = D155239E25DF9668002F6E03 /* LoginVCViewController.swift */; };
		D15523A125DF9668002F6E03 /* LoginVCViewController.xib in Resources */ = {isa = PBXBuildFile; fileRef = D155239F25DF9668002F6E03 /* LoginVCViewController.xib */; };
/* End PBXBuildFile section */

/* Begin PBXContainerItemProxy section */
		D155238C25DF9612002F6E03 /* PBXContainerItemProxy */ = {
			isa = PBXContainerItemProxy;
			containerPortal = D155237825DF9612002F6E03 /* Project object */;
			proxyType = 1;
			remoteGlobalIDString = D155238025DF9612002F6E03;
			remoteInfo = LoginFramework;
		};
/* End PBXContainerItemProxy section */

/* Begin PBXFileReference section */
		D155238125DF9612002F6E03 /* LoginFramework.framework */ = {isa = PBXFileReference; explicitFileType = wrapper.framework; includeInIndex = 0; path = LoginFramework.framework; sourceTree = BUILT_PRODUCTS_DIR; };
		D155238425DF9612002F6E03 /* LoginFramework.h */ = {isa = PBXFileReference; lastKnownFileType = sourcecode.c.h; path = LoginFramework.h; sourceTree = "<group>"; };
		D155238525DF9612002F6E03 /* Info.plist */ = {isa = PBXFileReference; lastKnownFileType = text.plist.xml; path = Info.plist; sourceTree = "<group>"; };
		D155238A25DF9612002F6E03 /* LoginFrameworkTests.xctest */ = {isa = PBXFileReference; explicitFileType = wrapper.cfbundle; includeInIndex = 0; path = LoginFrameworkTests.xctest; sourceTree = BUILT_PRODUCTS_DIR; };
		D155238F25DF9612002F6E03 /* LoginFrameworkTests.swift */ = {isa = PBXFileReference; lastKnownFileType = sourcecode.swift; path = LoginFrameworkTests.swift; sourceTree = "<group>"; };
		D155239125DF9612002F6E03 /* Info.plist */ = {isa = PBXFileReference; lastKnownFileType = text.plist.xml; path = Info.plist; sourceTree = "<group>"; };
		D155239E25DF9668002F6E03 /* LoginVCViewController.swift */ = {isa = PBXFileReference; lastKnownFileType = sourcecode.swift; path = LoginVCViewController.swift; sourceTree = "<group>"; };
		D155239F25DF9668002F6E03 /* LoginVCViewController.xib */ = {isa = PBXFileReference; lastKnownFileType = file.xib; path = LoginVCViewController.xib; sourceTree = "<group>"; };
/* End PBXFileReference section */

/* Begin PBXFrameworksBuildPhase section */
		D155237E25DF9612002F6E03 /* Frameworks */ = {
			isa = PBXFrameworksBuildPhase;
			buildActionMask = 2147483647;
			files = (
			);
			runOnlyForDeploymentPostprocessing = 0;
		};
		D155238725DF9612002F6E03 /* Frameworks */ = {
			isa = PBXFrameworksBuildPhase;
			buildActionMask = 2147483647;
			files = (
				D155238B25DF9612002F6E03 /* LoginFramework.framework in Frameworks */,
			);
			runOnlyForDeploymentPostprocessing = 0;
		};
/* End PBXFrameworksBuildPhase section */

/* Begin PBXGroup section */
		D155237725DF9612002F6E03 = {
			isa = PBXGroup;
			children = (
				D155238325DF9612002F6E03 /* LoginFramework */,
				D155238E25DF9612002F6E03 /* LoginFrameworkTests */,
				D155238225DF9612002F6E03 /* Products */,
			);
			sourceTree = "<group>";
		};
		D155238225DF9612002F6E03 /* Products */ = {
			isa = PBXGroup;
			children = (
				D155238125DF9612002F6E03 /* LoginFramework.framework */,
				D155238A25DF9612002F6E03 /* LoginFrameworkTests.xctest */,
			);
			name = Products;
			sourceTree = "<group>";
		};
		D155238325DF9612002F6E03 /* LoginFramework */ = {
			isa = PBXGroup;
			children = (
				D155239D25DF9636002F6E03 /* Login Interface */,
				D155238425DF9612002F6E03 /* LoginFramework.h */,
				D155238525DF9612002F6E03 /* Info.plist */,
			);
			path = LoginFramework;
			sourceTree = "<group>";
		};
		D155238E25DF9612002F6E03 /* LoginFrameworkTests */ = {
			isa = PBXGroup;
			children = (
				D155238F25DF9612002F6E03 /* LoginFrameworkTests.swift */,
				D155239125DF9612002F6E03 /* Info.plist */,
			);
			path = LoginFrameworkTests;
			sourceTree = "<group>";
		};
		D155239D25DF9636002F6E03 /* Login Interface */ = {
			isa = PBXGroup;
			children = (
				D155239E25DF9668002F6E03 /* LoginVCViewController.swift */,
				D155239F25DF9668002F6E03 /* LoginVCViewController.xib */,
			);
			path = "Login Interface";
			sourceTree = "<group>";
		};
/* End PBXGroup section */

/* Begin PBXHeadersBuildPhase section */
		D155237C25DF9612002F6E03 /* Headers */ = {
			isa = PBXHeadersBuildPhase;
			buildActionMask = 2147483647;
			files = (
				D155239225DF9612002F6E03 /* LoginFramework.h in Headers */,
			);
			runOnlyForDeploymentPostprocessing = 0;
		};
/* End PBXHeadersBuildPhase section */

/* Begin PBXNativeTarget section */
		D155238025DF9612002F6E03 /* LoginFramework */ = {
			isa = PBXNativeTarget;
			buildConfigurationList = D155239525DF9612002F6E03 /* Build configuration list for PBXNativeTarget "LoginFramework" */;
			buildPhases = (
				D155237C25DF9612002F6E03 /* Headers */,
				D155237D25DF9612002F6E03 /* Sources */,
				D155237E25DF9612002F6E03 /* Frameworks */,
				D155237F25DF9612002F6E03 /* Resources */,
			);
			buildRules = (
			);
			dependencies = (
			);
			name = LoginFramework;
			productName = LoginFramework;
			productReference = D155238125DF9612002F6E03 /* LoginFramework.framework */;
			productType = "com.apple.product-type.framework";
		};
		D155238925DF9612002F6E03 /* LoginFrameworkTests */ = {
			isa = PBXNativeTarget;
			buildConfigurationList = D155239825DF9612002F6E03 /* Build configuration list for PBXNativeTarget "LoginFrameworkTests" */;
			buildPhases = (
				D155238625DF9612002F6E03 /* Sources */,
				D155238725DF9612002F6E03 /* Frameworks */,
				D155238825DF9612002F6E03 /* Resources */,
			);
			buildRules = (
			);
			dependencies = (
				D155238D25DF9612002F6E03 /* PBXTargetDependency */,
			);
			name = LoginFrameworkTests;
			productName = LoginFrameworkTests;
			productReference = D155238A25DF9612002F6E03 /* LoginFrameworkTests.xctest */;
			productType = "com.apple.product-type.bundle.unit-test";
		};
/* End PBXNativeTarget section */

/* Begin PBXProject section */
		D155237825DF9612002F6E03 /* Project object */ = {
			isa = PBXProject;
			attributes = {
				LastSwiftUpdateCheck = 1200;
				LastUpgradeCheck = 1200;
				TargetAttributes = {
					D155238025DF9612002F6E03 = {
						CreatedOnToolsVersion = 12.0.1;
						LastSwiftMigration = 1200;
					};
					D155238925DF9612002F6E03 = {
						CreatedOnToolsVersion = 12.0.1;
					};
				};
			};
			buildConfigurationList = D155237B25DF9612002F6E03 /* Build configuration list for PBXProject "LoginFramework" */;
			compatibilityVersion = "Xcode 9.3";
			developmentRegion = en;
			hasScannedForEncodings = 0;
			knownRegions = (
				en,
				Base,
			);
			mainGroup = D155237725DF9612002F6E03;
			productRefGroup = D155238225DF9612002F6E03 /* Products */;
			projectDirPath = "";
			projectRoot = "";
			targets = (
				D155238025DF9612002F6E03 /* LoginFramework */,
				D155238925DF9612002F6E03 /* LoginFrameworkTests */,
			);
		};
/* End PBXProject section */

/* Begin PBXResourcesBuildPhase section */
		D155237F25DF9612002F6E03 /* Resources */ = {
			isa = PBXResourcesBuildPhase;
			buildActionMask = 2147483647;
			files = (
				D15523A125DF9668002F6E03 /* LoginVCViewController.xib in Resources */,
			);
			runOnlyForDeploymentPostprocessing = 0;
		};
		D155238825DF9612002F6E03 /* Resources */ = {
			isa = PBXResourcesBuildPhase;
			buildActionMask = 2147483647;
			files = (
			);
			runOnlyForDeploymentPostprocessing = 0;
		};
/* End PBXResourcesBuildPhase section */

/* Begin PBXSourcesBuildPhase section */
		D155237D25DF9612002F6E03 /* Sources */ = {
			isa = PBXSourcesBuildPhase;
			buildActionMask = 2147483647;
			files = (
				D15523A025DF9668002F6E03 /* LoginVCViewController.swift in Sources */,
			);
			runOnlyForDeploymentPostprocessing = 0;
		};
		D155238625DF9612002F6E03 /* Sources */ = {
			isa = PBXSourcesBuildPhase;
			buildActionMask = 2147483647;
			files = (
				D155239025DF9612002F6E03 /* LoginFrameworkTests.swift in Sources */,
			);
			runOnlyForDeploymentPostprocessing = 0;
		};
/* End PBXSourcesBuildPhase section */

/* Begin PBXTargetDependency section */
		D155238D25DF9612002F6E03 /* PBXTargetDependency */ = {
			isa = PBXTargetDependency;
			target = D155238025DF9612002F6E03 /* LoginFramework */;
			targetProxy = D155238C25DF9612002F6E03 /* PBXContainerItemProxy */;
		};
/* End PBXTargetDependency section */

/* Begin XCBuildConfiguration section */
		D155239325DF9612002F6E03 /* Debug */ = {
			isa = XCBuildConfiguration;
			buildSettings = {
				ALWAYS_SEARCH_USER_PATHS = NO;
				CLANG_ANALYZER_NONNULL = YES;
				CLANG_ANALYZER_NUMBER_OBJECT_CONVERSION = YES_AGGRESSIVE;
				CLANG_CXX_LANGUAGE_STANDARD = "gnu++14";
				CLANG_CXX_LIBRARY = "libc++";
				CLANG_ENABLE_MODULES = YES;
				CLANG_ENABLE_OBJC_ARC = YES;
				CLANG_ENABLE_OBJC_WEAK = YES;
				CLANG_WARN_BLOCK_CAPTURE_AUTORELEASING = YES;
				CLANG_WARN_BOOL_CONVERSION = YES;
				CLANG_WARN_COMMA = YES;
				CLANG_WARN_CONSTANT_CONVERSION = YES;
				CLANG_WARN_DEPRECATED_OBJC_IMPLEMENTATIONS = YES;
				CLANG_WARN_DIRECT_OBJC_ISA_USAGE = YES_ERROR;
				CLANG_WARN_DOCUMENTATION_COMMENTS = YES;
				CLANG_WARN_EMPTY_BODY = YES;
				CLANG_WARN_ENUM_CONVERSION = YES;
				CLANG_WARN_INFINITE_RECURSION = YES;
				CLANG_WARN_INT_CONVERSION = YES;
				CLANG_WARN_NON_LITERAL_NULL_CONVERSION = YES;
				CLANG_WARN_OBJC_IMPLICIT_RETAIN_SELF = YES;
				CLANG_WARN_OBJC_LITERAL_CONVERSION = YES;
				CLANG_WARN_OBJC_ROOT_CLASS = YES_ERROR;
				CLANG_WARN_QUOTED_INCLUDE_IN_FRAMEWORK_HEADER = YES;
				CLANG_WARN_RANGE_LOOP_ANALYSIS = YES;
				CLANG_WARN_STRICT_PROTOTYPES = YES;
				CLANG_WARN_SUSPICIOUS_MOVE = YES;
				CLANG_WARN_UNGUARDED_AVAILABILITY = YES_AGGRESSIVE;
				CLANG_WARN_UNREACHABLE_CODE = YES;
				CLANG_WARN__DUPLICATE_METHOD_MATCH = YES;
				COPY_PHASE_STRIP = NO;
				CURRENT_PROJECT_VERSION = 1;
				DEBUG_INFORMATION_FORMAT = dwarf;
				ENABLE_STRICT_OBJC_MSGSEND = YES;
				ENABLE_TESTABILITY = YES;
				GCC_C_LANGUAGE_STANDARD = gnu11;
				GCC_DYNAMIC_NO_PIC = NO;
				GCC_NO_COMMON_BLOCKS = YES;
				GCC_OPTIMIZATION_LEVEL = 0;
				GCC_PREPROCESSOR_DEFINITIONS = (
					"DEBUG=1",
					"$(inherited)",
				);
				GCC_WARN_64_TO_32_BIT_CONVERSION = YES;
				GCC_WARN_ABOUT_RETURN_TYPE = YES_ERROR;
				GCC_WARN_UNDECLARED_SELECTOR = YES;
				GCC_WARN_UNINITIALIZED_AUTOS = YES_AGGRESSIVE;
				GCC_WARN_UNUSED_FUNCTION = YES;
				GCC_WARN_UNUSED_VARIABLE = YES;
				IPHONEOS_DEPLOYMENT_TARGET = 14.0;
				MTL_ENABLE_DEBUG_INFO = INCLUDE_SOURCE;
				MTL_FAST_MATH = YES;
				ONLY_ACTIVE_ARCH = YES;
				SDKROOT = iphoneos;
				SWIFT_ACTIVE_COMPILATION_CONDITIONS = DEBUG;
				SWIFT_OPTIMIZATION_LEVEL = "-Onone";
				VERSIONING_SYSTEM = "apple-generic";
				VERSION_INFO_PREFIX = "";
			};
			name = Debug;
		};
		D155239425DF9612002F6E03 /* Release */ = {
			isa = XCBuildConfiguration;
			buildSettings = {
				ALWAYS_SEARCH_USER_PATHS = NO;
				CLANG_ANALYZER_NONNULL = YES;
				CLANG_ANALYZER_NUMBER_OBJECT_CONVERSION = YES_AGGRESSIVE;
				CLANG_CXX_LANGUAGE_STANDARD = "gnu++14";
				CLANG_CXX_LIBRARY = "libc++";
				CLANG_ENABLE_MODULES = YES;
				CLANG_ENABLE_OBJC_ARC = YES;
				CLANG_ENABLE_OBJC_WEAK = YES;
				CLANG_WARN_BLOCK_CAPTURE_AUTORELEASING = YES;
				CLANG_WARN_BOOL_CONVERSION = YES;
				CLANG_WARN_COMMA = YES;
				CLANG_WARN_CONSTANT_CONVERSION = YES;
				CLANG_WARN_DEPRECATED_OBJC_IMPLEMENTATIONS = YES;
				CLANG_WARN_DIRECT_OBJC_ISA_USAGE = YES_ERROR;
				CLANG_WARN_DOCUMENTATION_COMMENTS = YES;
				CLANG_WARN_EMPTY_BODY = YES;
				CLANG_WARN_ENUM_CONVERSION = YES;
				CLANG_WARN_INFINITE_RECURSION = YES;
				CLANG_WARN_INT_CONVERSION = YES;
				CLANG_WARN_NON_LITERAL_NULL_CONVERSION = YES;
				CLANG_WARN_OBJC_IMPLICIT_RETAIN_SELF = YES;
				CLANG_WARN_OBJC_LITERAL_CONVERSION = YES;
				CLANG_WARN_OBJC_ROOT_CLASS = YES_ERROR;
				CLANG_WARN_QUOTED_INCLUDE_IN_FRAMEWORK_HEADER = YES;
				CLANG_WARN_RANGE_LOOP_ANALYSIS = YES;
				CLANG_WARN_STRICT_PROTOTYPES = YES;
				CLANG_WARN_SUSPICIOUS_MOVE = YES;
				CLANG_WARN_UNGUARDED_AVAILABILITY = YES_AGGRESSIVE;
				CLANG_WARN_UNREACHABLE_CODE = YES;
				CLANG_WARN__DUPLICATE_METHOD_MATCH = YES;
				COPY_PHASE_STRIP = NO;
				CURRENT_PROJECT_VERSION = 1;
				DEBUG_INFORMATION_FORMAT = "dwarf-with-dsym";
				ENABLE_NS_ASSERTIONS = NO;
				ENABLE_STRICT_OBJC_MSGSEND = YES;
				GCC_C_LANGUAGE_STANDARD = gnu11;
				GCC_NO_COMMON_BLOCKS = YES;
				GCC_WARN_64_TO_32_BIT_CONVERSION = YES;
				GCC_WARN_ABOUT_RETURN_TYPE = YES_ERROR;
				GCC_WARN_UNDECLARED_SELECTOR = YES;
				GCC_WARN_UNINITIALIZED_AUTOS = YES_AGGRESSIVE;
				GCC_WARN_UNUSED_FUNCTION = YES;
				GCC_WARN_UNUSED_VARIABLE = YES;
				IPHONEOS_DEPLOYMENT_TARGET = 14.0;
				MTL_ENABLE_DEBUG_INFO = NO;
				MTL_FAST_MATH = YES;
				SDKROOT = iphoneos;
				SWIFT_COMPILATION_MODE = wholemodule;
				SWIFT_OPTIMIZATION_LEVEL = "-O";
				VALIDATE_PRODUCT = YES;
				VERSIONING_SYSTEM = "apple-generic";
				VERSION_INFO_PREFIX = "";
			};
			name = Release;
		};
		D155239625DF9612002F6E03 /* Debug */ = {
			isa = XCBuildConfiguration;
			buildSettings = {
				CLANG_ENABLE_MODULES = YES;
				CODE_SIGN_STYLE = Automatic;
				DEFINES_MODULE = YES;
				DYLIB_COMPATIBILITY_VERSION = 1;
				DYLIB_CURRENT_VERSION = 1;
				DYLIB_INSTALL_NAME_BASE = "@rpath";
				INFOPLIST_FILE = LoginFramework/Info.plist;
				INSTALL_PATH = "$(LOCAL_LIBRARY_DIR)/Frameworks";
				LD_RUNPATH_SEARCH_PATHS = (
					"$(inherited)",
					"@executable_path/Frameworks",
					"@loader_path/Frameworks",
				);
				PRODUCT_BUNDLE_IDENTIFIER = com.quantum.LoginFramework;
				PRODUCT_NAME = "$(TARGET_NAME:c99extidentifier)";
				SKIP_INSTALL = YES;
				SWIFT_OPTIMIZATION_LEVEL = "-Onone";
				SWIFT_VERSION = 5.0;
				TARGETED_DEVICE_FAMILY = "1,2";
			};
			name = Debug;
		};
		D155239725DF9612002F6E03 /* Release */ = {
			isa = XCBuildConfiguration;
			buildSettings = {
				CLANG_ENABLE_MODULES = YES;
				CODE_SIGN_STYLE = Automatic;
				DEFINES_MODULE = YES;
				DYLIB_COMPATIBILITY_VERSION = 1;
				DYLIB_CURRENT_VERSION = 1;
				DYLIB_INSTALL_NAME_BASE = "@rpath";
				INFOPLIST_FILE = LoginFramework/Info.plist;
				INSTALL_PATH = "$(LOCAL_LIBRARY_DIR)/Frameworks";
				LD_RUNPATH_SEARCH_PATHS = (
					"$(inherited)",
					"@executable_path/Frameworks",
					"@loader_path/Frameworks",
				);
				PRODUCT_BUNDLE_IDENTIFIER = com.quantum.LoginFramework;
				PRODUCT_NAME = "$(TARGET_NAME:c99extidentifier)";
				SKIP_INSTALL = YES;
				SWIFT_VERSION = 5.0;
				TARGETED_DEVICE_FAMILY = "1,2";
			};
			name = Release;
		};
		D155239925DF9612002F6E03 /* Debug */ = {
			isa = XCBuildConfiguration;
			buildSettings = {
				ALWAYS_EMBED_SWIFT_STANDARD_LIBRARIES = YES;
				CODE_SIGN_STYLE = Automatic;
				INFOPLIST_FILE = LoginFrameworkTests/Info.plist;
				LD_RUNPATH_SEARCH_PATHS = (
					"$(inherited)",
					"@executable_path/Frameworks",
					"@loader_path/Frameworks",
				);
				PRODUCT_BUNDLE_IDENTIFIER = com.quantum.LoginFrameworkTests;
				PRODUCT_NAME = "$(TARGET_NAME)";
				SWIFT_VERSION = 5.0;
				TARGETED_DEVICE_FAMILY = "1,2";
			};
			name = Debug;
		};
		D155239A25DF9612002F6E03 /* Release */ = {
			isa = XCBuildConfiguration;
			buildSettings = {
				ALWAYS_EMBED_SWIFT_STANDARD_LIBRARIES = YES;
				CODE_SIGN_STYLE = Automatic;
				INFOPLIST_FILE = LoginFrameworkTests/Info.plist;
				LD_RUNPATH_SEARCH_PATHS = (
					"$(inherited)",
					"@executable_path/Frameworks",
					"@loader_path/Frameworks",
				);
				PRODUCT_BUNDLE_IDENTIFIER = com.quantum.LoginFrameworkTests;
				PRODUCT_NAME = "$(TARGET_NAME)";
				SWIFT_VERSION = 5.0;
				TARGETED_DEVICE_FAMILY = "1,2";
			};
			name = Release;
		};
/* End XCBuildConfiguration section */

/* Begin XCConfigurationList section */
		D155237B25DF9612002F6E03 /* Build configuration list for PBXProject "LoginFramework" */ = {
			isa = XCConfigurationList;
			buildConfigurations = (
				D155239325DF9612002F6E03 /* Debug */,
				D155239425DF9612002F6E03 /* Release */,
			);
			defaultConfigurationIsVisible = 0;
			defaultConfigurationName = Release;
		};
		D155239525DF9612002F6E03 /* Build configuration list for PBXNativeTarget "LoginFramework" */ = {
			isa = XCConfigurationList;
			buildConfigurations = (
				D155239625DF9612002F6E03 /* Debug */,
				D155239725DF9612002F6E03 /* Release */,
			);
			defaultConfigurationIsVisible = 0;
			defaultConfigurationName = Release;
		};
		D155239825DF9612002F6E03 /* Build configuration list for PBXNativeTarget "LoginFrameworkTests" */ = {
			isa = XCConfigurationList;
			buildConfigurations = (
				D155239925DF9612002F6E03 /* Debug */,
				D155239A25DF9612002F6E03 /* Release */,
			);
			defaultConfigurationIsVisible = 0;
			defaultConfigurationName = Release;
		};
/* End XCConfigurationList section */
	};
	rootObject = D155237825DF9612002F6E03 /* Project object */;
}
